{
  "lockfileVersion": 1,
  "configVersion": 1,
  "workspaces": {
    "": {
      "name": "bleepcare-mqtt-bridge",
      "dependencies": {
        "dotenv": "^17.4.2",
        "mongoose": "^9.7.1",
        "mqtt": "^5.15.1",
        "ws": "^8.18.0",
      },
    },
  },
  "packages": {
    "@babel/runtime": ["@babel/runtime@7.29.7", "", {}, "sha512-Nq8OhGWiZIZGV6hLHoyAKLLcJihP/xFeBMGJoUrxTX2psI8dCifzLhZISFb+VWS3wFMRDmCGw5R+dOySCqPLhw=="],

    "@mongodb-js/saslprep": ["@mongodb-js/saslprep@1.4.12", "", { "dependencies": { "sparse-bitfield": "^3.0.3" } }, "sha512-QAfAMwNgnYxZ2C6D1HgeP7Gc4i/uvJRim415PCIL9ptRxWMNbWeLBYb2/9R4pGKny/s1FVu2JA2cxCUBUOggrA=="],

    "@standard-schema/spec": ["@standard-schema/spec@1.1.0", "", {}, "sha512-l2aFy5jALhniG5HgqrD6jXLi/rUWrKvqN/qJx6yoJsgKhblVd+iqqU4RCXavm/jPityDo5TCvKMnpjKnOriy0w=="],

    "@types/node": ["@types/node@26.1.0", "", { "dependencies": { "undici-types": "~8.3.0" } }, "sha512-O0A1G3xPGy4w7AgQdAQYUlQ+BKk2Oovw8eRpofyp5KdBZULnbe+WqaOVNrm705SHphCiG4XHsACrSmPu1f+Kgw=="],

    "@types/readable-stream": ["@types/readable-stream@4.0.24", "", { "dependencies": { "@types/node": "*" } }, "sha512-NRvUNC/JFGPJvqdAfEve8oginbM6V08u5NzLWpG8MwA2kTPOLnqk+wpwuPT+mp3aUsxyuT6m2gnrPuHYCruzEg=="],

    "@types/webidl-conversions": ["@types/webidl-conversions@7.0.3", "", {}, "sha512-CiJJvcRtIgzadHCYXw7dqEnMNRjhGZlYK05Mj9OyktqV8uVT8fD2BFOB7S1uwBE3Kj2Z+4UyPmFw/Ixgw/LAlA=="],

    "@types/whatwg-url": ["@types/whatwg-url@13.0.0", "", { "dependencies": { "@types/webidl-conversions": "*" } }, "sha512-N8WXpbE6Wgri7KUSvrmQcqrMllKZ9uxkYWMt+mCSGwNc0Hsw9VQTW7ApqI4XNrx6/SaM2QQJCzMPDEXE058s+Q=="],

    "@types/ws": ["@types/ws@8.18.1", "", { "dependencies": { "@types/node": "*" } }, "sha512-ThVF6DCVhA8kUGy+aazFQ4kXQ7E1Ty7A3ypFOe0IcJV8O/M511G99AW24irKrW56Wt44yG9+ij8FaqoBGkuBXg=="],

    "abort-controller": ["abort-controller@3.0.0", "", { "dependencies": { "event-target-shim": "^5.0.0" } }, "sha512-h8lQ8tacZYnR3vNQTgibj+tODHI5/+l06Au2Pcriv/Gmet0eaj4TwWH41sO9wnHDiQsEj19q0drzdWdeAHtweg=="],

    "base64-js": ["base64-js@1.5.1", "", {}, "sha512-AKpaYlHn8t4SVbOHCy+b5+KKgvR4vrsD8vbvrbiQJps7fKDTkjkDry6ji0rUJjC0kzbNePLwzxq8iypo41qeWA=="],

    "bl": ["bl@6.1.6", "", { "dependencies": { "@types/readable-stream": "^4.0.0", "buffer": "^6.0.3", "inherits": "^2.0.4", "readable-stream": "^4.2.0" } }, "sha512-jLsPgN/YSvPUg9UX0Kd73CXpm2Psg9FxMeCSXnk3WBO3CMT10JMwijubhGfHCnFu6TPn1ei3b975dxv7K2pWVg=="],

    "broker-factory": ["broker-factory@3.1.15", "", { "dependencies": { "@babel/runtime": "^7.29.7", "fast-unique-numbers": "^9.0.27", "tslib": "^2.8.1", "worker-factory": "^7.0.50" } }, "sha512-ko+aWvgNuP49meGrdjUu7rC+Y+Wai3cCPxP3xWwHsHfehFjOh5ZQM2yC4gEB2UddeZ/YXhm0K1eG/L6fxym2Og=="],

    "bson": ["bson@7.3.1", "", {}, "sha512-h/C0qe6857pQhcSJHLfsR1uYGj98Ge3wKAD3Ed9KqH3wcVh+BM4Jq4xISD7vs9OPuT07n+q3QQVjslJ286j6ag=="],

    "buffer": ["buffer@6.0.3", "", { "dependencies": { "base64-js": "^1.3.1", "ieee754": "^1.2.1" } }, "sha512-FTiCpNxtwiZZHEZbcbTIcZjERVICn9yq/pDFkTl95/AxzD1naBctN7YO68riM/gLSDY7sdrMby8hofADYuuqOA=="],

    "buffer-from": ["buffer-from@1.1.2", "", {}, "sha512-E+XQCRwSbaaiChtv6k6Dwgc+bx+Bs6vuKJHHl5kox/BaKbhiXzqQOwK4cO22yElGp2OCmjwVhT3HmxgyPGnJfQ=="],

    "commist": ["commist@3.2.0", "", {}, "sha512-4PIMoPniho+LqXmpS5d3NuGYncG6XWlkBSVGiWycL22dd42OYdUGil2CWuzklaJoNxyxUSpO4MKIBU94viWNAw=="],

    "concat-stream": ["concat-stream@2.0.0", "", { "dependencies": { "buffer-from": "^1.0.0", "inherits": "^2.0.3", "readable-stream": "^3.0.2", "typedarray": "^0.0.6" } }, "sha512-MWufYdFw53ccGjCA+Ol7XJYpAlW6/prSMzuPOTRnJGcGzuhLn4Scrz7qf6o8bROZ514ltazcIFJZevcfbo0x7A=="],

    "debug": ["debug@4.4.3", "", { "dependencies": { "ms": "^2.1.3" }, "peerDependencies": { "supports-color": "*" }, "optionalPeers": ["supports-color"] }, "sha512-RGwwWnwQvkVfavKVt22FGLw+xYSdzARwm0ru6DhTVA3umU5hZc28V3kO4stgYryrTlLpuvgI9GiijltAjNbcqA=="],

    "dotenv": ["dotenv@17.4.2", "", {}, "sha512-nI4U3TottKAcAD9LLud4Cb7b2QztQMUEfHbvhTH09bqXTxnSie8WnjPALV/WMCrJZ6UV/qHJ6L03OqO3LcdYZw=="],

    "event-target-shim": ["event-target-shim@5.0.1", "", {}, "sha512-i/2XbnSz/uxRCU6+NdVJgKWDTM427+MqYbkQzD321DuCQJUqOuJKIA0IM2+W2xtYHdKOmZ4dR6fExsd4SXL+WQ=="],

    "events": ["events@3.3.0", "", {}, "sha512-mQw+2fkQbALzQ7V0MY0IqdnXNOeTtP4r0lN9z7AAawCXgqea7bDii20AYrIBrFd/Hx0M2Ocz6S111CaFkUcb0Q=="],

    "fast-unique-numbers": ["fast-unique-numbers@9.0.27", "", { "dependencies": { "@babel/runtime": "^7.29.2", "tslib": "^2.8.1" } }, "sha512-nDA9ADeINN8SA2u2wCtU+siWFTTDqQR37XvgPIDDmboWQeExz7X0mImxuaN+kJddliIqy2FpVRmnvRZ+j8i1/A=="],

    "help-me": ["help-me@5.0.0", "", {}, "sha512-7xgomUX6ADmcYzFik0HzAxh/73YlKR9bmFzf51CZwR+b6YtzU2m0u49hQCqV6SvlqIqsaxovfwdvbnsw3b/zpg=="],

    "ieee754": ["ieee754@1.2.1", "", {}, "sha512-dcyqhDvX1C46lXZcVqCpK+FtMRQVdIMN6/Df5js2zouUsqG7I6sFxitIC+7KYK29KdXOLHdu9zL4sFnoVQnqaA=="],

    "inherits": ["inherits@2.0.4", "", {}, "sha512-k/vGaX4/Yla3WzyMCvTQOXYeIHvqOKtnqBduzTHpzpQZzAskKMhZ2K+EnBiSM9zGSoIFeMpXKxa4dYeZIQqewQ=="],

    "ip-address": ["ip-address@10.2.0", "", {}, "sha512-/+S6j4E9AHvW9SWMSEY9Xfy66O5PWvVEJ08O0y5JGyEKQpojb0K0GKpz/v5HJ/G0vi3D2sjGK78119oXZeE0qA=="],

    "js-sdsl": ["js-sdsl@4.3.0", "", {}, "sha512-mifzlm2+5nZ+lEcLJMoBK0/IH/bDg8XnJfd/Wq6IP+xoCjLZsTOnV2QpxlVbX9bMnkl5PdEjNtBJ9Cj1NjifhQ=="],

    "kareem": ["kareem@3.3.0", "", {}, "sha512-kpSuLD3/7RenBnjnJdOHXCKC8dTd1JzeOiJhN0necWWci6cC+qX+VuwPnMVgb+a4+KNJSfgqahpnfWaeDXCimw=="],

    "lru-cache": ["lru-cache@10.4.3", "", {}, "sha512-JNAzZcXrCt42VGLuYz0zfAzDfAvJWW6AfYlDBQyDV5DClI2m5sAmK+OIO7s59XfsRsWHp02jAJrRadPRGTt6SQ=="],

    "memory-pager": ["memory-pager@1.5.0", "", {}, "sha512-ZS4Bp4r/Zoeq6+NLJpP+0Zzm0pR8whtGPf1XExKLJBAczGMnSi3It14OiNCStjQjM6NU1okjQGSxgEZN8eBYKg=="],

    "minimist": ["minimist@1.2.8", "", {}, "sha512-2yyAR8qBkN3YuheJanUpWC5U3bb5osDywNB8RzDVlDwDHbocAJveqqj1u8+SVD7jkWT4yvsHCpWqqWqAxb0zCA=="],

    "mongodb": ["mongodb@7.2.0", "", { "dependencies": { "@mongodb-js/saslprep": "^1.3.0", "bson": "^7.2.0", "mongodb-connection-string-url": "^7.0.0" }, "peerDependencies": { "@aws-sdk/credential-providers": "^3.806.0", "@mongodb-js/zstd": "^7.0.0", "gcp-metadata": "^7.0.1", "kerberos": "^7.0.0", "mongodb-client-encryption": ">=7.0.0 <7.1.0", "snappy": "^7.3.2", "socks": "^2.8.6" }, "optionalPeers": ["@aws-sdk/credential-providers", "@mongodb-js/zstd", "gcp-metadata", "kerberos", "mongodb-client-encryption", "snappy", "socks"] }, "sha512-F/2+BMZtLVhY30ioZp0dAmZ+IRZMBqI+nrv6t5+9/1AIwCa8sMRC3jBf81lpxMhnZgqq8CoUD503Z1oZWq1/sw=="],

    "mongodb-connection-string-url": ["mongodb-connection-string-url@7.0.1", "", { "dependencies": { "@types/whatwg-url": "^13.0.0", "whatwg-url": "^14.1.0" } }, "sha512-h0AZ9A7IDVwwHyMxmdMXKy+9oNlF0zFoahHiX3vQ8e3KFcSP3VmsmfvtRSuLPxmyv2vjIDxqty8smTgie/SNRQ=="],

    "mongoose": ["mongoose@9.7.3", "", { "dependencies": { "@standard-schema/spec": "^1.1.0", "kareem": "3.3.0", "mongodb": "~7.2", "mpath": "0.9.0", "mquery": "6.0.0", "ms": "2.1.3", "sift": "17.1.3" } }, "sha512-9DsD4sq0tL9IKyfttZ6qn74KXBcD4lxDTzGXoAeOLMnDFFp1gqc5oc4s2BiMPbetJrLwvVylfyR4cqLst2pasQ=="],

    "mpath": ["mpath@0.9.0", "", {}, "sha512-ikJRQTk8hw5DEoFVxHG1Gn9T/xcjtdnOKIU1JTmGjZZlg9LST2mBLmcX3/ICIbgJydT2GOc15RnNy5mHmzfSew=="],

    "mqtt": ["mqtt@5.15.1", "", { "dependencies": { "@types/readable-stream": "^4.0.21", "@types/ws": "^8.18.1", "commist": "^3.2.0", "concat-stream": "^2.0.0", "debug": "^4.4.1", "help-me": "^5.0.0", "lru-cache": "^10.4.3", "minimist": "^1.2.8", "mqtt-packet": "^9.0.2", "number-allocator": "^1.0.14", "readable-stream": "^4.7.0", "rfdc": "^1.4.1", "socks": "^2.8.6", "split2": "^4.2.0", "worker-timers": "^8.0.23", "ws": "^8.18.3" }, "bin": { "mqtt_pub": "build/bin/pub.js", "mqtt_sub": "build/bin/sub.js", "mqtt": "build/bin/mqtt.js" } }, "sha512-V1WnkGuJh3ec9QXzy5Iylw8OOBK+Xu1WhxcQ9mMpLThG+/JZIMV1PgLNRgIiqXhZnvnVLsuyxHl5A/3bHHbcAA=="],

    "mqtt-packet": ["mqtt-packet@9.0.2", "", { "dependencies": { "bl": "^6.0.8", "debug": "^4.3.4", "process-nextick-args": "^2.0.1" } }, "sha512-MvIY0B8/qjq7bKxdN1eD+nrljoeaai+qjLJgfRn3TiMuz0pamsIWY2bFODPZMSNmabsLANXsLl4EMoWvlaTZWA=="],

    "mquery": ["mquery@6.0.0", "", {}, "sha512-b2KQNsmgtkscfeDgkYMcWGn9vZI9YoXh802VDEwE6qc50zxBFQ0Oo8ROkawbPAsXCY1/Z1yp0MagqsZStPWJjw=="],

    "ms": ["ms@2.1.3", "", {}, "sha512-6FlzubTLZG3J2a/NVCAleEhjzq5oxgHyaCU9yYXvcLsvoVaHJq/s5xXI6/XXP6tz7R9xAOtHnSO/tXtF3WRTlA=="],

    "number-allocator": ["number-allocator@1.0.14", "", { "dependencies": { "debug": "^4.3.1", "js-sdsl": "4.3.0" } }, "sha512-OrL44UTVAvkKdOdRQZIJpLkAdjXGTRda052sN4sO77bKEzYYqWKMBjQvrJFzqygI99gL6Z4u2xctPW1tB8ErvA=="],

    "process": ["process@0.11.10", "", {}, "sha512-cdGef/drWFoydD1JsMzuFf8100nZl+GT+yacc2bEced5f9Rjk4z+WtFUTBu9PhOi9j/jfmBPu0mMEY4wIdAF8A=="],

    "process-nextick-args": ["process-nextick-args@2.0.1", "", {}, "sha512-3ouUOpQhtgrbOa17J7+uxOTpITYWaGP7/AhoR3+A+/1e9skrzelGi/dXzEYyvbxubEF6Wn2ypscTKiKJFFn1ag=="],

    "punycode": ["punycode@2.3.1", "", {}, "sha512-vYt7UD1U9Wg6138shLtLOvdAu+8DsC/ilFtEVHcH+wydcSpNE20AfSOduf6MkRFahL5FY7X1oU7nKVZFtfq8Fg=="],

    "readable-stream": ["readable-stream@4.7.0", "", { "dependencies": { "abort-controller": "^3.0.0", "buffer": "^6.0.3", "events": "^3.3.0", "process": "^0.11.10", "string_decoder": "^1.3.0" } }, "sha512-oIGGmcpTLwPga8Bn6/Z75SVaH1z5dUut2ibSyAMVhmUggWpmDn2dapB0n7f8nwaSiRtepAsfJyfXIO5DCVAODg=="],

    "rfdc": ["rfdc@1.4.1", "", {}, "sha512-q1b3N5QkRUWUl7iyylaaj3kOpIT0N2i9MqIEQXP73GVsN9cw3fdx8X63cEmWhJGi2PPCF23Ijp7ktmd39rawIA=="],

    "safe-buffer": ["safe-buffer@5.2.1", "", {}, "sha512-rp3So07KcdmmKbGvgaNxQSJr7bGVSVk5S9Eq1F+ppbRo70+YeaDxkw5Dd8NPN+GD6bjnYm2VuPuCXmpuYvmCXQ=="],

    "sift": ["sift@17.1.3", "", {}, "sha512-Rtlj66/b0ICeFzYTuNvX/EF1igRbbnGSvEyT79McoZa/DeGhMyC5pWKOEsZKnpkqtSeovd5FL/bjHWC3CIIvCQ=="],

    "smart-buffer": ["smart-buffer@4.2.0", "", {}, "sha512-94hK0Hh8rPqQl2xXc3HsaBoOXKV20MToPkcXvwbISWLEs+64sBq5kFgn2kJDHb1Pry9yrP0dxrCI9RRci7RXKg=="],

    "socks": ["socks@2.8.9", "", { "dependencies": { "ip-address": "^10.1.1", "smart-buffer": "^4.2.0" } }, "sha512-LJhUYUvItdQ0LkJTmPeaEObWXAqFyfmP85x0tch/ez9cahmhlBBLbIqDFnvBnUJGagb0JbIQrkBs1wJ+yRYpEw=="],

    "sparse-bitfield": ["sparse-bitfield@3.0.3", "", { "dependencies": { "memory-pager": "^1.0.2" } }, "sha512-kvzhi7vqKTfkh0PZU+2D2PIllw2ymqJKujUcyPMd9Y75Nv4nPbGJZXNhxsgdQab2BmlDct1YnfQCguEvHr7VsQ=="],

    "split2": ["split2@4.2.0", "", {}, "sha512-UcjcJOWknrNkF6PLX83qcHM6KHgVKNkV62Y8a5uYDVv9ydGQVwAHMKqHdJje1VTWpljG0WYpCDhrCdAOYH4TWg=="],

    "string_decoder": ["string_decoder@1.3.0", "", { "dependencies": { "safe-buffer": "~5.2.0" } }, "sha512-hkRX8U1WjJFd8LsDJ2yQ/wWWxaopEsABU1XfkM8A+j0+85JAGppt16cr1Whg6KIbb4okU6Mql6BOj+uup/wKeA=="],

    "tr46": ["tr46@5.1.1", "", { "dependencies": { "punycode": "^2.3.1" } }, "sha512-hdF5ZgjTqgAntKkklYw0R03MG2x/bSzTtkxmIRw/sTNV8YXsCJ1tfLAX23lhxhHJlEf3CRCOCGGWw3vI3GaSPw=="],

    "tslib": ["tslib@2.8.1", "", {}, "sha512-oJFu94HQb+KVduSUQL7wnpmqnfmLsOA/nAh6b6EH0wCEoK0/mPeXU6c3wKDV83MkOuHPRHtSXKKU99IBazS/2w=="],

    "typedarray": ["typedarray@0.0.6", "", {}, "sha512-/aCDEGatGvZ2BIk+HmLf4ifCJFwvKFNb9/JeZPMulfgFracn9QFcAf5GO8B/mweUjSoblS5In0cWhqpfs/5PQA=="],

    "undici-types": ["undici-types@8.3.0", "", {}, "sha512-j375ScV60dom+YkPFIfTLcOiPxkN/buHz5GobjLhixFuANaNs3C9l4GmrWqejgXWJ7BbJcFYpTEUkS1Ge8bpZQ=="],

    "util-deprecate": ["util-deprecate@1.0.2", "", {}, "sha512-EPD5q1uXyFxJpCrLnCc1nHnq3gOa6DZBocAIiI2TaSCA7VCJ1UJDMagCzIkXNsUYfD1daK//LTEQ8xiIbrHtcw=="],

    "webidl-conversions": ["webidl-conversions@7.0.0", "", {}, "sha512-VwddBukDzu71offAQR975unBIGqfKZpM+8ZX6ySk8nYhVoo5CYaZyzt3YBvYtRtO+aoGlqxPg/B87NGVZ/fu6g=="],

    "whatwg-url": ["whatwg-url@14.2.0", "", { "dependencies": { "tr46": "^5.1.0", "webidl-conversions": "^7.0.0" } }, "sha512-De72GdQZzNTUBBChsXueQUnPKDkg/5A5zp7pFDuQAj5UFoENpiACU0wlCvzpAGnTkj++ihpKwKyYewn/XNUbKw=="],

    "worker-factory": ["worker-factory@7.0.50", "", { "dependencies": { "@babel/runtime": "^7.29.7", "fast-unique-numbers": "^9.0.27", "tslib": "^2.8.1" } }, "sha512-hhwc0G+sFwM4qBuhJIUBn2p1Jf8v/FwmLUANBf/Q+Lt2uI8mfIZQhXaZQACodQD4R7Zp6cn/6702bIvNn2puJQ=="],

    "worker-timers": ["worker-timers@8.0.33", "", { "dependencies": { "@babel/runtime": "^7.29.7", "tslib": "^2.8.1", "worker-timers-broker": "^8.0.18", "worker-timers-worker": "^9.0.15" } }, "sha512-RQVlKkek80v8M6SHvdMKiywaXFmX3XTpYTXTw0r62PdXB06t74XNxcTuG8wsQwnjorAQymNQyyQ0rzv7PykEMQ=="],

    "worker-timers-broker": ["worker-timers-broker@8.0.18", "", { "dependencies": { "@babel/runtime": "^7.29.7", "broker-factory": "^3.1.15", "fast-unique-numbers": "^9.0.27", "tslib": "^2.8.1", "worker-timers-worker": "^9.0.15" } }, "sha512-FrjzDVX1wKfZN0gRbCFqv8VHuTncG4sbI/WGEg4tSSQeIsnwqg4YBYWMAHYLJtUDEYYmiK65UKFrVMVk2irDSg=="],

    "worker-timers-worker": ["worker-timers-worker@9.0.15", "", { "dependencies": { "@babel/runtime": "^7.29.7", "tslib": "^2.8.1", "worker-factory": "^7.0.50" } }, "sha512-KKUe7lZ/Aignr51H6hOUik8LwTnIgojH/1lwhli8A8qIEIyewogZTpNpMW5B6BF7nmwBOkUoTYgf1H3QShcjSA=="],

    "ws": ["ws@8.21.0", "", { "peerDependencies": { "bufferutil": "^4.0.1", "utf-8-validate": ">=5.0.2" }, "optionalPeers": ["bufferutil", "utf-8-validate"] }, "sha512-Vsp28b7DRcimFQvrqu2Wek3z1iYxDCWqHYB8Qsnk/S4RfaCQzPGPyBNuVjJV3cd6UiKtUtp6sNM77gWvzcCH+g=="],

    "concat-stream/readable-stream": ["readable-stream@3.6.2", "", { "dependencies": { "inherits": "^2.0.3", "string_decoder": "^1.1.1", "util-deprecate": "^1.0.1" } }, "sha512-9u/sniCrY3D5WdsERHzHE4G2YCXqoG5FTHUiCC4SIbr6XcLZBY05ya9EKjYek9O5xOAwjGq+1JdGBAS7Q9ScoA=="],
  }
}
